
Microsoft Visual Studio Solution File, Format Version 12.00
# Visual Studio 15
VisualStudioVersion = 15.0.26430.6
MinimumVisualStudioVersion = 10.0.40219.1
Project("{FAE04EC0-301F-11D3-BF4B-00C04F79EFBC}") = "EmailTemplatesTest", "EmailTemplates\EmailTemplatesTest.csproj", "{A6C08486-7CBC-4D8D-A2F0-7852635464B8}"
EndProject
Project("{FAE04EC0-301F-11D3-BF4B-00C04F79EFBC}") = "EmailTemplatesCore", "EmailTemplatesCore\EmailTemplatesCore.csproj", "{FDFC14EE-0D3D-4CD2-BEE6-B38344F49A3D}"
EndProject
Global
	GlobalSection(SolutionConfigurationPlatforms) = preSolution
		Debug|Any CPU = Debug|Any CPU
		Release|Any CPU = Release|Any CPU
	EndGlobalSection
	GlobalSection(ProjectConfigurationPlatforms) = postSolution
		{A6C08486-7CBC-4D8D-A2F0-7852635464B8}.Debug|Any CPU.ActiveCfg = Debug|Any CPU
		{A6C08486-7CBC-4D8D-A2F0-7852635464B8}.Debug|Any CPU.Build.0 = Debug|Any CPU
		{A6C08486-7CBC-4D8D-A2F0-7852635464B8}.Release|Any CPU.ActiveCfg = Release|Any CPU
		{A6C08486-7CBC-4D8D-A2F0-7852635464B8}.Release|Any CPU.Build.0 = Release|Any CPU
		{FDFC14EE-0D3D-4CD2-BEE6-B38344F49A3D}.Debug|Any CPU.ActiveCfg = Debug|Any CPU
		{FDFC14EE-0D3D-4CD2-BEE6-B38344F49A3D}.Debug|Any CPU.Build.0 = Debug|Any CPU
		{FDFC14EE-0D3D-4CD2-BEE6-B38344F49A3D}.Release|Any CPU.ActiveCfg = Release|Any CPU
		{FDFC14EE-0D3D-4CD2-BEE6-B38344F49A3D}.Release|Any CPU.Build.0 = Release|Any CPU
	EndGlobalSection
	GlobalSection(SolutionProperties) = preSolution
		HideSolutionNode = FALSE
	EndGlobalSection
EndGlobal
